// !$*UTF8*$!
{
	archiveVersion = 1;
	classes = {
	};
	objectVersion = 51;
	objects = {

/* Begin PBXBuildFile section */
		4D15674509B76F78A32835D5 /* Pods_Bakery.framework in Frameworks */ = {isa = PBXBuildFile; fileRef = 45BF0518C5621A71B87325DA /* Pods_Bakery.framework */; };
		6E38336722D5D557007605C3 /* Inventory.swift in Sources */ = {isa = PBXBuildFile; fileRef = 6E38336622D5D557007605C3 /* Inventory.swift */; };
		6E38336922D5D8CA007605C3 /* WorkDay.swift in Sources */ = {isa = PBXBuildFile; fileRef = 6E38336822D5D8CA007605C3 /* WorkDay.swift */; };
		6E38336B22D5DB23007605C3 /* ItemProvider.swift in Sources */ = {isa = PBXBuildFile; fileRef = 6E38336A22D5DB23007605C3 /* ItemProvider.swift */; };
		6E38336E22D5DB99007605C3 /* ItemService.swift in Sources */ = {isa = PBXBuildFile; fileRef = 6E38336D22D5DB99007605C3 /* ItemService.swift */; };
		6E38337022D5E6FC007605C3 /* StoreSearchViewController.swift in Sources */ = {isa = PBXBuildFile; fileRef = 6E38336F22D5E6FC007605C3 /* StoreSearchViewController.swift */; };
		6E38337222D5E72F007605C3 /* StoreSearchViewModel.swift in Sources */ = {isa = PBXBuildFile; fileRef = 6E38337122D5E72F007605C3 /* StoreSearchViewModel.swift */; };
		6E621FAD22D4CB0400818992 /* AppDelegate.swift in Sources */ = {isa = PBXBuildFile; fileRef = 6E621FAC22D4CB0400818992 /* AppDelegate.swift */; };
		6E621FB222D4CB0400818992 /* Main.storyboard in Resources */ = {isa = PBXBuildFile; fileRef = 6E621FB022D4CB0400818992 /* Main.storyboard */; };
		6E621FB422D4CB0500818992 /* Assets.xcassets in Resources */ = {isa = PBXBuildFile; fileRef = 6E621FB322D4CB0500818992 /* Assets.xcassets */; };
		6E621FB722D4CB0500818992 /* LaunchScreen.storyboard in Resources */ = {isa = PBXBuildFile; fileRef = 6E621FB522D4CB0500818992 /* LaunchScreen.storyboard */; };
		6E621FBF22D4CC8800818992 /* DI.swift in Sources */ = {isa = PBXBuildFile; fileRef = 6E621FBE22D4CC8800818992 /* DI.swift */; };
		6E621FC222D4D38700818992 /* Products.swift in Sources */ = {isa = PBXBuildFile; fileRef = 6E621FC122D4D38700818992 /* Products.swift */; };
		6E621FC722D4D4C200818992 /* Drinks.swift in Sources */ = {isa = PBXBuildFile; fileRef = 6E621FC622D4D4C200818992 /* Drinks.swift */; };
		6E621FC922D4D55900818992 /* Items.swift in Sources */ = {isa = PBXBuildFile; fileRef = 6E621FC822D4D55900818992 /* Items.swift */; };
		6E621FCD22D4D61D00818992 /* Menu.swift in Sources */ = {isa = PBXBuildFile; fileRef = 6E621FCC22D4D61D00818992 /* Menu.swift */; };
		6E621FCF22D4D74100818992 /* Sandwiches.swift in Sources */ = {isa = PBXBuildFile; fileRef = 6E621FCE22D4D74100818992 /* Sandwiches.swift */; };
		6E621FD122D4D9BE00818992 /* Food.swift in Sources */ = {isa = PBXBuildFile; fileRef = 6E621FD022D4D9BE00818992 /* Food.swift */; };
		6E621FD522D4EF0100818992 /* StoreViewModel.swift in Sources */ = {isa = PBXBuildFile; fileRef = 6E621FD422D4EF0100818992 /* StoreViewModel.swift */; };
		6E621FD722D4EF7B00818992 /* StoreViewController.swift in Sources */ = {isa = PBXBuildFile; fileRef = 6E621FD622D4EF7B00818992 /* StoreViewController.swift */; };
/* End PBXBuildFile section */

/* Begin PBXFileReference section */
		45BF0518C5621A71B87325DA /* Pods_Bakery.framework */ = {isa = PBXFileReference; explicitFileType = wrapper.framework; includeInIndex = 0; path = Pods_Bakery.framework; sourceTree = BUILT_PRODUCTS_DIR; };
		6E38336622D5D557007605C3 /* Inventory.swift */ = {isa = PBXFileReference; lastKnownFileType = sourcecode.swift; path = Inventory.swift; sourceTree = "<group>"; };
		6E38336822D5D8CA007605C3 /* WorkDay.swift */ = {isa = PBXFileReference; lastKnownFileType = sourcecode.swift; path = WorkDay.swift; sourceTree = "<group>"; };
		6E38336A22D5DB23007605C3 /* ItemProvider.swift */ = {isa = PBXFileReference; lastKnownFileType = sourcecode.swift; path = ItemProvider.swift; sourceTree = "<group>"; };
		6E38336D22D5DB99007605C3 /* ItemService.swift */ = {isa = PBXFileReference; lastKnownFileType = sourcecode.swift; path = ItemService.swift; sourceTree = "<group>"; };
		6E38336F22D5E6FC007605C3 /* StoreSearchViewController.swift */ = {isa = PBXFileReference; lastKnownFileType = sourcecode.swift; path = StoreSearchViewController.swift; sourceTree = "<group>"; };
		6E38337122D5E72F007605C3 /* StoreSearchViewModel.swift */ = {isa = PBXFileReference; lastKnownFileType = sourcecode.swift; path = StoreSearchViewModel.swift; sourceTree = "<group>"; };
		6E621FA922D4CB0400818992 /* Bakery.app */ = {isa = PBXFileReference; explicitFileType = wrapper.application; includeInIndex = 0; path = Bakery.app; sourceTree = BUILT_PRODUCTS_DIR; };
		6E621FAC22D4CB0400818992 /* AppDelegate.swift */ = {isa = PBXFileReference; lastKnownFileType = sourcecode.swift; path = AppDelegate.swift; sourceTree = "<group>"; };
		6E621FB122D4CB0400818992 /* Base */ = {isa = PBXFileReference; lastKnownFileType = file.storyboard; name = Base; path = Base.lproj/Main.storyboard; sourceTree = "<group>"; };
		6E621FB322D4CB0500818992 /* Assets.xcassets */ = {isa = PBXFileReference; lastKnownFileType = folder.assetcatalog; path = Assets.xcassets; sourceTree = "<group>"; };
		6E621FB622D4CB0500818992 /* Base */ = {isa = PBXFileReference; lastKnownFileType = file.storyboard; name = Base; path = Base.lproj/LaunchScreen.storyboard; sourceTree = "<group>"; };
		6E621FB822D4CB0500818992 /* Info.plist */ = {isa = PBXFileReference; lastKnownFileType = text.plist.xml; path = Info.plist; sourceTree = "<group>"; };
		6E621FBE22D4CC8800818992 /* DI.swift */ = {isa = PBXFileReference; lastKnownFileType = sourcecode.swift; path = DI.swift; sourceTree = "<group>"; };
		6E621FC122D4D38700818992 /* Products.swift */ = {isa = PBXFileReference; lastKnownFileType = sourcecode.swift; path = Products.swift; sourceTree = "<group>"; };
		6E621FC622D4D4C200818992 /* Drinks.swift */ = {isa = PBXFileReference; lastKnownFileType = sourcecode.swift; path = Drinks.swift; sourceTree = "<group>"; };
		6E621FC822D4D55900818992 /* Items.swift */ = {isa = PBXFileReference; lastKnownFileType = sourcecode.swift; path = Items.swift; sourceTree = "<group>"; };
		6E621FCC22D4D61D00818992 /* Menu.swift */ = {isa = PBXFileReference; lastKnownFileType = sourcecode.swift; path = Menu.swift; sourceTree = "<group>"; };
		6E621FCE22D4D74100818992 /* Sandwiches.swift */ = {isa = PBXFileReference; lastKnownFileType = sourcecode.swift; path = Sandwiches.swift; sourceTree = "<group>"; };
		6E621FD022D4D9BE00818992 /* Food.swift */ = {isa = PBXFileReference; lastKnownFileType = sourcecode.swift; path = Food.swift; sourceTree = "<group>"; };
		6E621FD422D4EF0100818992 /* StoreViewModel.swift */ = {isa = PBXFileReference; lastKnownFileType = sourcecode.swift; path = StoreViewModel.swift; sourceTree = "<group>"; };
		6E621FD622D4EF7B00818992 /* StoreViewController.swift */ = {isa = PBXFileReference; fileEncoding = 4; lastKnownFileType = sourcecode.swift; path = StoreViewController.swift; sourceTree = "<group>"; };
		9533CBF390F4B5469CCDEEA3 /* Pods-Bakery.release.xcconfig */ = {isa = PBXFileReference; includeInIndex = 1; lastKnownFileType = text.xcconfig; name = "Pods-Bakery.release.xcconfig"; path = "Target Support Files/Pods-Bakery/Pods-Bakery.release.xcconfig"; sourceTree = "<group>"; };
		D51E12159C93A067A21E583A /* Pods-Bakery.debug.xcconfig */ = {isa = PBXFileReference; includeInIndex = 1; lastKnownFileType = text.xcconfig; name = "Pods-Bakery.debug.xcconfig"; path = "Target Support Files/Pods-Bakery/Pods-Bakery.debug.xcconfig"; sourceTree = "<group>"; };
/* End PBXFileReference section */

/* Begin PBXFrameworksBuildPhase section */
		6E621FA622D4CB0400818992 /* Frameworks */ = {
			isa = PBXFrameworksBuildPhase;
			buildActionMask = 2147483647;
			files = (
				4D15674509B76F78A32835D5 /* Pods_Bakery.framework in Frameworks */,
			);
			runOnlyForDeploymentPostprocessing = 0;
		};
/* End PBXFrameworksBuildPhase section */

/* Begin PBXGroup section */
		6E38336322D5D512007605C3 /* Services */ = {
			isa = PBXGroup;
			children = (
				6E38336D22D5DB99007605C3 /* ItemService.swift */,
			);
			path = Services;
			sourceTree = "<group>";
		};
		6E38336C22D5DB2C007605C3 /* Providers */ = {
			isa = PBXGroup;
			children = (
				6E38336A22D5DB23007605C3 /* ItemProvider.swift */,
			);
			path = Providers;
			sourceTree = "<group>";
		};
		6E621FA022D4CB0400818992 = {
			isa = PBXGroup;
			children = (
				6E621FAB22D4CB0400818992 /* Bakery */,
				6E621FAA22D4CB0400818992 /* Products */,
				B576F9940325CF8ADFDB61CF /* Pods */,
				C822A695D680CB5EF97E82D3 /* Frameworks */,
			);
			sourceTree = "<group>";
		};
		6E621FAA22D4CB0400818992 /* Products */ = {
			isa = PBXGroup;
			children = (
				6E621FA922D4CB0400818992 /* Bakery.app */,
			);
			name = Products;
			sourceTree = "<group>";
		};
		6E621FAB22D4CB0400818992 /* Bakery */ = {
			isa = PBXGroup;
			children = (
				6E621FC322D4D3B400818992 /* DI */,
				6E621FC022D4D37700818992 /* Model */,
				6E38336C22D5DB2C007605C3 /* Providers */,
				6E38336322D5D512007605C3 /* Services */,
				6E621FD322D4EEEB00818992 /* ViewModel */,
				6E621FD822D4EF8000818992 /* View */,
				6E621FAC22D4CB0400818992 /* AppDelegate.swift */,
				6E621FB022D4CB0400818992 /* Main.storyboard */,
				6E621FB322D4CB0500818992 /* Assets.xcassets */,
				6E621FB522D4CB0500818992 /* LaunchScreen.storyboard */,
				6E621FB822D4CB0500818992 /* Info.plist */,
			);
			path = Bakery;
			sourceTree = "<group>";
		};
		6E621FC022D4D37700818992 /* Model */ = {
			isa = PBXGroup;
			children = (
				6E621FC622D4D4C200818992 /* Drinks.swift */,
				6E621FD022D4D9BE00818992 /* Food.swift */,
				6E38336622D5D557007605C3 /* Inventory.swift */,
				6E621FC822D4D55900818992 /* Items.swift */,
				6E621FCC22D4D61D00818992 /* Menu.swift */,
				6E621FC122D4D38700818992 /* Products.swift */,
				6E621FCE22D4D74100818992 /* Sandwiches.swift */,
				6E38336822D5D8CA007605C3 /* WorkDay.swift */,
			);
			path = Model;
			sourceTree = "<group>";
		};
		6E621FC322D4D3B400818992 /* DI */ = {
			isa = PBXGroup;
			children = (
				6E621FBE22D4CC8800818992 /* DI.swift */,
			);
			path = DI;
			sourceTree = "<group>";
		};
		6E621FD322D4EEEB00818992 /* ViewModel */ = {
			isa = PBXGroup;
			children = (
				6E621FD422D4EF0100818992 /* StoreViewModel.swift */,
				6E38337122D5E72F007605C3 /* StoreSearchViewModel.swift */,
			);
			path = ViewModel;
			sourceTree = "<group>";
		};
		6E621FD822D4EF8000818992 /* View */ = {
			isa = PBXGroup;
			children = (
				6E621FD622D4EF7B00818992 /* StoreViewController.swift */,
				6E38336F22D5E6FC007605C3 /* StoreSearchViewController.swift */,
			);
			path = View;
			sourceTree = "<group>";
		};
		B576F9940325CF8ADFDB61CF /* Pods */ = {
			isa = PBXGroup;
			children = (
				D51E12159C93A067A21E583A /* Pods-Bakery.debug.xcconfig */,
				9533CBF390F4B5469CCDEEA3 /* Pods-Bakery.release.xcconfig */,
			);
			path = Pods;
			sourceTree = "<group>";
		};
		C822A695D680CB5EF97E82D3 /* Frameworks */ = {
			isa = PBXGroup;
			children = (
				45BF0518C5621A71B87325DA /* Pods_Bakery.framework */,
			);
			name = Frameworks;
			sourceTree = "<group>";
		};
/* End PBXGroup section */

/* Begin PBXNativeTarget section */
		6E621FA822D4CB0400818992 /* Bakery */ = {
			isa = PBXNativeTarget;
			buildConfigurationList = 6E621FBB22D4CB0500818992 /* Build configuration list for PBXNativeTarget "Bakery" */;
			buildPhases = (
				58863E991C3C320845B21169 /* [CP] Check Pods Manifest.lock */,
				6E621FA522D4CB0400818992 /* Sources */,
				6E621FA622D4CB0400818992 /* Frameworks */,
				6E621FA722D4CB0400818992 /* Resources */,
				51F6716991266D21412EC56F /* [CP] Embed Pods Frameworks */,
			);
			buildRules = (
			);
			dependencies = (
			);
			name = Bakery;
			productName = Bakery;
			productReference = 6E621FA922D4CB0400818992 /* Bakery.app */;
			productType = "com.apple.product-type.application";
		};
/* End PBXNativeTarget section */

/* Begin PBXProject section */
		6E621FA122D4CB0400818992 /* Project object */ = {
			isa = PBXProject;
			attributes = {
				LastSwiftUpdateCheck = 1020;
				LastUpgradeCheck = 1020;
				ORGANIZATIONNAME = "Balazs Hajagos";
				TargetAttributes = {
					6E621FA822D4CB0400818992 = {
						CreatedOnToolsVersion = 10.2.1;
					};
				};
			};
			buildConfigurationList = 6E621FA422D4CB0400818992 /* Build configuration list for PBXProject "Bakery" */;
			compatibilityVersion = "Xcode 9.3";
			developmentRegion = en;
			hasScannedForEncodings = 0;
			knownRegions = (
				en,
				Base,
			);
			mainGroup = 6E621FA022D4CB0400818992;
			productRefGroup = 6E621FAA22D4CB0400818992 /* Products */;
			projectDirPath = "";
			projectRoot = "";
			targets = (
				6E621FA822D4CB0400818992 /* Bakery */,
			);
		};
/* End PBXProject section */

/* Begin PBXResourcesBuildPhase section */
		6E621FA722D4CB0400818992 /* Resources */ = {
			isa = PBXResourcesBuildPhase;
			buildActionMask = 2147483647;
			files = (
				6E621FB722D4CB0500818992 /* LaunchScreen.storyboard in Resources */,
				6E621FB422D4CB0500818992 /* Assets.xcassets in Resources */,
				6E621FB222D4CB0400818992 /* Main.storyboard in Resources */,
			);
			runOnlyForDeploymentPostprocessing = 0;
		};
/* End PBXResourcesBuildPhase section */

/* Begin PBXShellScriptBuildPhase section */
		51F6716991266D21412EC56F /* [CP] Embed Pods Frameworks */ = {
			isa = PBXShellScriptBuildPhase;
			buildActionMask = 2147483647;
			files = (
			);
			inputFileListPaths = (
				"${PODS_ROOT}/Target Support Files/Pods-Bakery/Pods-Bakery-frameworks-${CONFIGURATION}-input-files.xcfilelist",
			);
			name = "[CP] Embed Pods Frameworks";
			outputFileListPaths = (
				"${PODS_ROOT}/Target Support Files/Pods-Bakery/Pods-Bakery-frameworks-${CONFIGURATION}-output-files.xcfilelist",
			);
			runOnlyForDeploymentPostprocessing = 0;
			shellPath = /bin/sh;
			shellScript = "\"${PODS_ROOT}/Target Support Files/Pods-Bakery/Pods-Bakery-frameworks.sh\"\n";
			showEnvVarsInLog = 0;
		};
		58863E991C3C320845B21169 /* [CP] Check Pods Manifest.lock */ = {
			isa = PBXShellScriptBuildPhase;
			buildActionMask = 2147483647;
			files = (
			);
			inputFileListPaths = (
			);
			inputPaths = (
				"${PODS_PODFILE_DIR_PATH}/Podfile.lock",
				"${PODS_ROOT}/Manifest.lock",
			);
			name = "[CP] Check Pods Manifest.lock";
			outputFileListPaths = (
			);
			outputPaths = (
				"$(DERIVED_FILE_DIR)/Pods-Bakery-checkManifestLockResult.txt",
			);
			runOnlyForDeploymentPostprocessing = 0;
			shellPath = /bin/sh;
			shellScript = "diff \"${PODS_PODFILE_DIR_PATH}/Podfile.lock\" \"${PODS_ROOT}/Manifest.lock\" > /dev/null\nif [ $? != 0 ] ; then\n    # print error to STDERR\n    echo \"error: The sandbox is not in sync with the Podfile.lock. Run 'pod install' or update your CocoaPods installation.\" >&2\n    exit 1\nfi\n# This output is used by Xcode 'outputs' to avoid re-running this script phase.\necho \"SUCCESS\" > \"${SCRIPT_OUTPUT_FILE_0}\"\n";
			showEnvVarsInLog = 0;
		};
/* End PBXShellScriptBuildPhase section */

/* Begin PBXSourcesBuildPhase section */
		6E621FA522D4CB0400818992 /* Sources */ = {
			isa = PBXSourcesBuildPhase;
			buildActionMask = 2147483647;
			files = (
				6E38336E22D5DB99007605C3 /* ItemService.swift in Sources */,
				6E38336922D5D8CA007605C3 /* WorkDay.swift in Sources */,
				6E621FD722D4EF7B00818992 /* StoreViewController.swift in Sources */,
				6E621FC722D4D4C200818992 /* Drinks.swift in Sources */,
				6E38337222D5E72F007605C3 /* StoreSearchViewModel.swift in Sources */,
				6E621FBF22D4CC8800818992 /* DI.swift in Sources */,
				6E621FCD22D4D61D00818992 /* Menu.swift in Sources */,
				6E621FC222D4D38700818992 /* Products.swift in Sources */,
				6E38336722D5D557007605C3 /* Inventory.swift in Sources */,
				6E621FD522D4EF0100818992 /* StoreViewModel.swift in Sources */,
				6E38336B22D5DB23007605C3 /* ItemProvider.swift in Sources */,
				6E621FCF22D4D74100818992 /* Sandwiches.swift in Sources */,
				6E621FD122D4D9BE00818992 /* Food.swift in Sources */,
				6E621FC922D4D55900818992 /* Items.swift in Sources */,
				6E38337022D5E6FC007605C3 /* StoreSearchViewController.swift in Sources */,
				6E621FAD22D4CB0400818992 /* AppDelegate.swift in Sources */,
			);
			runOnlyForDeploymentPostprocessing = 0;
		};
/* End PBXSourcesBuildPhase section */

/* Begin PBXVariantGroup section */
		6E621FB022D4CB0400818992 /* Main.storyboard */ = {
			isa = PBXVariantGroup;
			children = (
				6E621FB122D4CB0400818992 /* Base */,
			);
			name = Main.storyboard;
			sourceTree = "<group>";
		};
		6E621FB522D4CB0500818992 /* LaunchScreen.storyboard */ = {
			isa = PBXVariantGroup;
			children = (
				6E621FB622D4CB0500818992 /* Base */,
			);
			name = LaunchScreen.storyboard;
			sourceTree = "<group>";
		};
/* End PBXVariantGroup section */

/* Begin XCBuildConfiguration section */
		6E621FB922D4CB0500818992 /* Debug */ = {
			isa = XCBuildConfiguration;
			buildSettings = {
				ALWAYS_SEARCH_USER_PATHS = NO;
				CLANG_ANALYZER_NONNULL = YES;
				CLANG_ANALYZER_NUMBER_OBJECT_CONVERSION = YES_AGGRESSIVE;
				CLANG_CXX_LANGUAGE_STANDARD = "gnu++14";
				CLANG_CXX_LIBRARY = "libc++";
				CLANG_ENABLE_MODULES = YES;
				CLANG_ENABLE_OBJC_ARC = YES;
				CLANG_ENABLE_OBJC_WEAK = YES;
				CLANG_WARN_BLOCK_CAPTURE_AUTORELEASING = YES;
				CLANG_WARN_BOOL_CONVERSION = YES;
				CLANG_WARN_COMMA = YES;
				CLANG_WARN_CONSTANT_CONVERSION = YES;
				CLANG_WARN_DEPRECATED_OBJC_IMPLEMENTATIONS = YES;
				CLANG_WARN_DIRECT_OBJC_ISA_USAGE = YES_ERROR;
				CLANG_WARN_DOCUMENTATION_COMMENTS = YES;
				CLANG_WARN_EMPTY_BODY = YES;
				CLANG_WARN_ENUM_CONVERSION = YES;
				CLANG_WARN_INFINITE_RECURSION = YES;
				CLANG_WARN_INT_CONVERSION = YES;
				CLANG_WARN_NON_LITERAL_NULL_CONVERSION = YES;
				CLANG_WARN_OBJC_IMPLICIT_RETAIN_SELF = YES;
				CLANG_WARN_OBJC_LITERAL_CONVERSION = YES;
				CLANG_WARN_OBJC_ROOT_CLASS = YES_ERROR;
				CLANG_WARN_RANGE_LOOP_ANALYSIS = YES;
				CLANG_WARN_STRICT_PROTOTYPES = YES;
				CLANG_WARN_SUSPICIOUS_MOVE = YES;
				CLANG_WARN_UNGUARDED_AVAILABILITY = YES_AGGRESSIVE;
				CLANG_WARN_UNREACHABLE_CODE = YES;
				CLANG_WARN__DUPLICATE_METHOD_MATCH = YES;
				CODE_SIGN_IDENTITY = "iPhone Developer";
				COPY_PHASE_STRIP = NO;
				DEBUG_INFORMATION_FORMAT = dwarf;
				ENABLE_STRICT_OBJC_MSGSEND = YES;
				ENABLE_TESTABILITY = YES;
				GCC_C_LANGUAGE_STANDARD = gnu11;
				GCC_DYNAMIC_NO_PIC = NO;
				GCC_NO_COMMON_BLOCKS = YES;
				GCC_OPTIMIZATION_LEVEL = 0;
				GCC_PREPROCESSOR_DEFINITIONS = (
					"DEBUG=1",
					"$(inherited)",
				);
				GCC_WARN_64_TO_32_BIT_CONVERSION = YES;
				GCC_WARN_ABOUT_RETURN_TYPE = YES_ERROR;
				GCC_WARN_UNDECLARED_SELECTOR = YES;
				GCC_WARN_UNINITIALIZED_AUTOS = YES_AGGRESSIVE;
				GCC_WARN_UNUSED_FUNCTION = YES;
				GCC_WARN_UNUSED_VARIABLE = YES;
				IPHONEOS_DEPLOYMENT_TARGET = 12.2;
				MTL_ENABLE_DEBUG_INFO = INCLUDE_SOURCE;
				MTL_FAST_MATH = YES;
				ONLY_ACTIVE_ARCH = YES;
				SDKROOT = iphoneos;
				SWIFT_ACTIVE_COMPILATION_CONDITIONS = DEBUG;
				SWIFT_OPTIMIZATION_LEVEL = "-Onone";
			};
			name = Debug;
		};
		6E621FBA22D4CB0500818992 /* Release */ = {
			isa = XCBuildConfiguration;
			buildSettings = {
				ALWAYS_SEARCH_USER_PATHS = NO;
				CLANG_ANALYZER_NONNULL = YES;
				CLANG_ANALYZER_NUMBER_OBJECT_CONVERSION = YES_AGGRESSIVE;
				CLANG_CXX_LANGUAGE_STANDARD = "gnu++14";
				CLANG_CXX_LIBRARY = "libc++";
				CLANG_ENABLE_MODULES = YES;
				CLANG_ENABLE_OBJC_ARC = YES;
				CLANG_ENABLE_OBJC_WEAK = YES;
				CLANG_WARN_BLOCK_CAPTURE_AUTORELEASING = YES;
				CLANG_WARN_BOOL_CONVERSION = YES;
				CLANG_WARN_COMMA = YES;
				CLANG_WARN_CONSTANT_CONVERSION = YES;
				CLANG_WARN_DEPRECATED_OBJC_IMPLEMENTATIONS = YES;
				CLANG_WARN_DIRECT_OBJC_ISA_USAGE = YES_ERROR;
				CLANG_WARN_DOCUMENTATION_COMMENTS = YES;
				CLANG_WARN_EMPTY_BODY = YES;
				CLANG_WARN_ENUM_CONVERSION = YES;
				CLANG_WARN_INFINITE_RECURSION = YES;
				CLANG_WARN_INT_CONVERSION = YES;
				CLANG_WARN_NON_LITERAL_NULL_CONVERSION = YES;
				CLANG_WARN_OBJC_IMPLICIT_RETAIN_SELF = YES;
				CLANG_WARN_OBJC_LITERAL_CONVERSION = YES;
				CLANG_WARN_OBJC_ROOT_CLASS = YES_ERROR;
				CLANG_WARN_RANGE_LOOP_ANALYSIS = YES;
				CLANG_WARN_STRICT_PROTOTYPES = YES;
				CLANG_WARN_SUSPICIOUS_MOVE = YES;
				CLANG_WARN_UNGUARDED_AVAILABILITY = YES_AGGRESSIVE;
				CLANG_WARN_UNREACHABLE_CODE = YES;
				CLANG_WARN__DUPLICATE_METHOD_MATCH = YES;
				CODE_SIGN_IDENTITY = "iPhone Developer";
				COPY_PHASE_STRIP = NO;
				DEBUG_INFORMATION_FORMAT = "dwarf-with-dsym";
				ENABLE_NS_ASSERTIONS = NO;
				ENABLE_STRICT_OBJC_MSGSEND = YES;
				GCC_C_LANGUAGE_STANDARD = gnu11;
				GCC_NO_COMMON_BLOCKS = YES;
				GCC_WARN_64_TO_32_BIT_CONVERSION = YES;
				GCC_WARN_ABOUT_RETURN_TYPE = YES_ERROR;
				GCC_WARN_UNDECLARED_SELECTOR = YES;
				GCC_WARN_UNINITIALIZED_AUTOS = YES_AGGRESSIVE;
				GCC_WARN_UNUSED_FUNCTION = YES;
				GCC_WARN_UNUSED_VARIABLE = YES;
				IPHONEOS_DEPLOYMENT_TARGET = 12.2;
				MTL_ENABLE_DEBUG_INFO = NO;
				MTL_FAST_MATH = YES;
				SDKROOT = iphoneos;
				SWIFT_COMPILATION_MODE = wholemodule;
				SWIFT_OPTIMIZATION_LEVEL = "-O";
				VALIDATE_PRODUCT = YES;
			};
			name = Release;
		};
		6E621FBC22D4CB0500818992 /* Debug */ = {
			isa = XCBuildConfiguration;
			baseConfigurationReference = D51E12159C93A067A21E583A /* Pods-Bakery.debug.xcconfig */;
			buildSettings = {
				ASSETCATALOG_COMPILER_APPICON_NAME = AppIcon;
				CODE_SIGN_STYLE = Automatic;
				INFOPLIST_FILE = Bakery/Info.plist;
				LD_RUNPATH_SEARCH_PATHS = (
					"$(inherited)",
					"@executable_path/Frameworks",
				);
				PRODUCT_BUNDLE_IDENTIFIER = hu.badlazzor.Bakery;
				PRODUCT_NAME = "$(TARGET_NAME)";
				SWIFT_VERSION = 5.0;
				TARGETED_DEVICE_FAMILY = "1,2";
			};
			name = Debug;
		};
		6E621FBD22D4CB0500818992 /* Release */ = {
			isa = XCBuildConfiguration;
			baseConfigurationReference = 9533CBF390F4B5469CCDEEA3 /* Pods-Bakery.release.xcconfig */;
			buildSettings = {
				ASSETCATALOG_COMPILER_APPICON_NAME = AppIcon;
				CODE_SIGN_STYLE = Automatic;
				INFOPLIST_FILE = Bakery/Info.plist;
				LD_RUNPATH_SEARCH_PATHS = (
					"$(inherited)",
					"@executable_path/Frameworks",
				);
				PRODUCT_BUNDLE_IDENTIFIER = hu.badlazzor.Bakery;
				PRODUCT_NAME = "$(TARGET_NAME)";
				SWIFT_VERSION = 5.0;
				TARGETED_DEVICE_FAMILY = "1,2";
			};
			name = Release;
		};
/* End XCBuildConfiguration section */

/* Begin XCConfigurationList section */
		6E621FA422D4CB0400818992 /* Build configuration list for PBXProject "Bakery" */ = {
			isa = XCConfigurationList;
			buildConfigurations = (
				6E621FB922D4CB0500818992 /* Debug */,
				6E621FBA22D4CB0500818992 /* Release */,
			);
			defaultConfigurationIsVisible = 0;
			defaultConfigurationName = Release;
		};
		6E621FBB22D4CB0500818992 /* Build configuration list for PBXNativeTarget "Bakery" */ = {
			isa = XCConfigurationList;
			buildConfigurations = (
				6E621FBC22D4CB0500818992 /* Debug */,
				6E621FBD22D4CB0500818992 /* Release */,
			);
			defaultConfigurationIsVisible = 0;
			defaultConfigurationName = Release;
		};
/* End XCConfigurationList section */
	};
	rootObject = 6E621FA122D4CB0400818992 /* Project object */;
}
